Microsoft Visual Studio Solution File, Format Version 11.00
# Visual Studio 2008

Project("{9B27EE4C-7579-9BD5-9F20-2735CE258699}") = "Noise", "Assembly-CSharp.csproj", "{11F08F2C-252F-4172-C9DF-ECA2459DC947}"
EndProject
Project("{9B27EE4C-7579-9BD5-9F20-2735CE258699}") = "Noise", "Assembly-CSharp-Editor.csproj", "{974BCBA2-6CE5-77CF-B7D3-604DBFD35D14}"
EndProject
Global
	GlobalSection(SolutionConfigurationPlatforms) = preSolution
		Debug|Any CPU = Debug|Any CPU
		Release|Any CPU = Release|Any CPU
	EndGlobalSection
	GlobalSection(ProjectConfigurationPlatforms) = postSolution
		{11F08F2C-252F-4172-C9DF-ECA2459DC947}.Debug|Any CPU.ActiveCfg = Debug|Any CPU
		{11F08F2C-252F-4172-C9DF-ECA2459DC947}.Debug|Any CPU.Build.0 = Debug|Any CPU
		{11F08F2C-252F-4172-C9DF-ECA2459DC947}.Release|Any CPU.ActiveCfg = Release|Any CPU
		{11F08F2C-252F-4172-C9DF-ECA2459DC947}.Release|Any CPU.Build.0 = Release|Any CPU
		{974BCBA2-6CE5-77CF-B7D3-604DBFD35D14}.Debug|Any CPU.ActiveCfg = Debug|Any CPU
		{974BCBA2-6CE5-77CF-B7D3-604DBFD35D14}.Debug|Any CPU.Build.0 = Debug|Any CPU
		{974BCBA2-6CE5-77CF-B7D3-604DBFD35D14}.Release|Any CPU.ActiveCfg = Release|Any CPU
		{974BCBA2-6CE5-77CF-B7D3-604DBFD35D14}.Release|Any CPU.Build.0 = Release|Any CPU
	EndGlobalSection
	GlobalSection(SolutionProperties) = preSolution
		HideSolutionNode = FALSE
	EndGlobalSection
	GlobalSection(MonoDevelopProperties) = preSolution
		StartupItem = Assembly-CSharp.csproj
	EndGlobalSection
EndGlobal
